
Microsoft Visual Studio Solution File, Format Version 12.00
# Visual Studio Version 16
VisualStudioVersion = 16.0.30907.101
MinimumVisualStudioVersion = 10.0.40219.1
Project("{9A19103F-16F7-4668-BE54-9A1E7A4F7556}") = "BackBack", "BackBack\BackBack.csproj", "{9CA546E6-71EC-45F0-8E98-0946C88CCD01}"
EndProject
Project("{FAE04EC0-301F-11D3-BF4B-00C04F79EFBC}") = "BackBack.Dto", "BackBack.Dto\BackBack.Dto.csproj", "{D2D76328-D820-4A36-A95A-976560538112}"
EndProject
Global
	GlobalSection(SolutionConfigurationPlatforms) = preSolution
		Debug|Any CPU = Debug|Any CPU
		Release|Any CPU = Release|Any CPU
	EndGlobalSection
	GlobalSection(ProjectConfigurationPlatforms) = postSolution
		{9CA546E6-71EC-45F0-8E98-0946C88CCD01}.Debug|Any CPU.ActiveCfg = Debug|Any CPU
		{9CA546E6-71EC-45F0-8E98-0946C88CCD01}.Debug|Any CPU.Build.0 = Debug|Any CPU
		{9CA546E6-71EC-45F0-8E98-0946C88CCD01}.Release|Any CPU.ActiveCfg = Release|Any CPU
		{9CA546E6-71EC-45F0-8E98-0946C88CCD01}.Release|Any CPU.Build.0 = Release|Any CPU
		{D2D76328-D820-4A36-A95A-976560538112}.Debug|Any CPU.ActiveCfg = Debug|Any CPU
		{D2D76328-D820-4A36-A95A-976560538112}.Debug|Any CPU.Build.0 = Debug|Any CPU
		{D2D76328-D820-4A36-A95A-976560538112}.Release|Any CPU.ActiveCfg = Release|Any CPU
		{D2D76328-D820-4A36-A95A-976560538112}.Release|Any CPU.Build.0 = Release|Any CPU
	EndGlobalSection
	GlobalSection(SolutionProperties) = preSolution
		HideSolutionNode = FALSE
	EndGlobalSection
	GlobalSection(ExtensibilityGlobals) = postSolution
		SolutionGuid = {036F67C7-5C60-4758-A60A-2ADBAEBB05AD}
	EndGlobalSection
EndGlobal
