
Microsoft Visual Studio Solution File, Format Version 12.00
# Visual Studio Version 16
VisualStudioVersion = 16.0.30517.126
MinimumVisualStudioVersion = 10.0.40219.1
Project("{9A19103F-16F7-4668-BE54-9A1E7A4F7556}") = "BackBack", "BackBack\BackBack.csproj", "{266D50C5-4000-45B2-8133-6AF1EDB76596}"
EndProject
Project("{9A19103F-16F7-4668-BE54-9A1E7A4F7556}") = "BackBack.LUA", "BackBack.LUA\BackBack.LUA.csproj", "{34C23BF6-1A03-4B12-AC60-E735CAB1C3A9}"
EndProject
Project("{9A19103F-16F7-4668-BE54-9A1E7A4F7556}") = "BackBack.Storage", "BackBack.Storage\BackBack.Storage.csproj", "{8FF04BBC-E293-4678-964B-9A9A9AA45FCE}"
EndProject
Project("{9A19103F-16F7-4668-BE54-9A1E7A4F7556}") = "BackBack.Models", "BackBack.Models\BackBack.Models.csproj", "{DC731106-334B-4A44-AD59-6EABE613FE7D}"
EndProject
Global
	GlobalSection(SolutionConfigurationPlatforms) = preSolution
		Debug|Any CPU = Debug|Any CPU
		Debug|x64 = Debug|x64
		Debug|x86 = Debug|x86
		Release|Any CPU = Release|Any CPU
		Release|x64 = Release|x64
		Release|x86 = Release|x86
	EndGlobalSection
	GlobalSection(ProjectConfigurationPlatforms) = postSolution
		{266D50C5-4000-45B2-8133-6AF1EDB76596}.Debug|Any CPU.ActiveCfg = Debug|Any CPU
		{266D50C5-4000-45B2-8133-6AF1EDB76596}.Debug|Any CPU.Build.0 = Debug|Any CPU
		{266D50C5-4000-45B2-8133-6AF1EDB76596}.Debug|x64.ActiveCfg = Debug|Any CPU
		{266D50C5-4000-45B2-8133-6AF1EDB76596}.Debug|x64.Build.0 = Debug|Any CPU
		{266D50C5-4000-45B2-8133-6AF1EDB76596}.Debug|x86.ActiveCfg = Debug|Any CPU
		{266D50C5-4000-45B2-8133-6AF1EDB76596}.Debug|x86.Build.0 = Debug|Any CPU
		{266D50C5-4000-45B2-8133-6AF1EDB76596}.Release|Any CPU.ActiveCfg = Release|Any CPU
		{266D50C5-4000-45B2-8133-6AF1EDB76596}.Release|Any CPU.Build.0 = Release|Any CPU
		{266D50C5-4000-45B2-8133-6AF1EDB76596}.Release|x64.ActiveCfg = Release|Any CPU
		{266D50C5-4000-45B2-8133-6AF1EDB76596}.Release|x64.Build.0 = Release|Any CPU
		{266D50C5-4000-45B2-8133-6AF1EDB76596}.Release|x86.ActiveCfg = Release|Any CPU
		{266D50C5-4000-45B2-8133-6AF1EDB76596}.Release|x86.Build.0 = Release|Any CPU
		{34C23BF6-1A03-4B12-AC60-E735CAB1C3A9}.Debug|Any CPU.ActiveCfg = Debug|Any CPU
		{34C23BF6-1A03-4B12-AC60-E735CAB1C3A9}.Debug|Any CPU.Build.0 = Debug|Any CPU
		{34C23BF6-1A03-4B12-AC60-E735CAB1C3A9}.Debug|x64.ActiveCfg = Debug|Any CPU
		{34C23BF6-1A03-4B12-AC60-E735CAB1C3A9}.Debug|x64.Build.0 = Debug|Any CPU
		{34C23BF6-1A03-4B12-AC60-E735CAB1C3A9}.Debug|x86.ActiveCfg = Debug|Any CPU
		{34C23BF6-1A03-4B12-AC60-E735CAB1C3A9}.Debug|x86.Build.0 = Debug|Any CPU
		{34C23BF6-1A03-4B12-AC60-E735CAB1C3A9}.Release|Any CPU.ActiveCfg = Release|Any CPU
		{34C23BF6-1A03-4B12-AC60-E735CAB1C3A9}.Release|Any CPU.Build.0 = Release|Any CPU
		{34C23BF6-1A03-4B12-AC60-E735CAB1C3A9}.Release|x64.ActiveCfg = Release|Any CPU
		{34C23BF6-1A03-4B12-AC60-E735CAB1C3A9}.Release|x64.Build.0 = Release|Any CPU
		{34C23BF6-1A03-4B12-AC60-E735CAB1C3A9}.Release|x86.ActiveCfg = Release|Any CPU
		{34C23BF6-1A03-4B12-AC60-E735CAB1C3A9}.Release|x86.Build.0 = Release|Any CPU
		{8FF04BBC-E293-4678-964B-9A9A9AA45FCE}.Debug|Any CPU.ActiveCfg = Debug|Any CPU
		{8FF04BBC-E293-4678-964B-9A9A9AA45FCE}.Debug|Any CPU.Build.0 = Debug|Any CPU
		{8FF04BBC-E293-4678-964B-9A9A9AA45FCE}.Debug|x64.ActiveCfg = Debug|Any CPU
		{8FF04BBC-E293-4678-964B-9A9A9AA45FCE}.Debug|x64.Build.0 = Debug|Any CPU
		{8FF04BBC-E293-4678-964B-9A9A9AA45FCE}.Debug|x86.ActiveCfg = Debug|Any CPU
		{8FF04BBC-E293-4678-964B-9A9A9AA45FCE}.Debug|x86.Build.0 = Debug|Any CPU
		{8FF04BBC-E293-4678-964B-9A9A9AA45FCE}.Release|Any CPU.ActiveCfg = Release|Any CPU
		{8FF04BBC-E293-4678-964B-9A9A9AA45FCE}.Release|Any CPU.Build.0 = Release|Any CPU
		{8FF04BBC-E293-4678-964B-9A9A9AA45FCE}.Release|x64.ActiveCfg = Release|Any CPU
		{8FF04BBC-E293-4678-964B-9A9A9AA45FCE}.Release|x64.Build.0 = Release|Any CPU
		{8FF04BBC-E293-4678-964B-9A9A9AA45FCE}.Release|x86.ActiveCfg = Release|Any CPU
		{8FF04BBC-E293-4678-964B-9A9A9AA45FCE}.Release|x86.Build.0 = Release|Any CPU
		{DC731106-334B-4A44-AD59-6EABE613FE7D}.Debug|Any CPU.ActiveCfg = Debug|Any CPU
		{DC731106-334B-4A44-AD59-6EABE613FE7D}.Debug|Any CPU.Build.0 = Debug|Any CPU
		{DC731106-334B-4A44-AD59-6EABE613FE7D}.Debug|x64.ActiveCfg = Debug|Any CPU
		{DC731106-334B-4A44-AD59-6EABE613FE7D}.Debug|x64.Build.0 = Debug|Any CPU
		{DC731106-334B-4A44-AD59-6EABE613FE7D}.Debug|x86.ActiveCfg = Debug|Any CPU
		{DC731106-334B-4A44-AD59-6EABE613FE7D}.Debug|x86.Build.0 = Debug|Any CPU
		{DC731106-334B-4A44-AD59-6EABE613FE7D}.Release|Any CPU.ActiveCfg = Release|Any CPU
		{DC731106-334B-4A44-AD59-6EABE613FE7D}.Release|Any CPU.Build.0 = Release|Any CPU
		{DC731106-334B-4A44-AD59-6EABE613FE7D}.Release|x64.ActiveCfg = Release|Any CPU
		{DC731106-334B-4A44-AD59-6EABE613FE7D}.Release|x64.Build.0 = Release|Any CPU
		{DC731106-334B-4A44-AD59-6EABE613FE7D}.Release|x86.ActiveCfg = Release|Any CPU
		{DC731106-334B-4A44-AD59-6EABE613FE7D}.Release|x86.Build.0 = Release|Any CPU
	EndGlobalSection
	GlobalSection(SolutionProperties) = preSolution
		HideSolutionNode = FALSE
	EndGlobalSection
	GlobalSection(ExtensibilityGlobals) = postSolution
		SolutionGuid = {853EA849-6DAB-40ED-B7B6-2C434C26BD36}
	EndGlobalSection
EndGlobal
