
Microsoft Visual Studio Solution File, Format Version 12.00
# Visual Studio Version 16
VisualStudioVersion = 16.0.30907.101
MinimumVisualStudioVersion = 10.0.40219.1
Project("{FAE04EC0-301F-11D3-BF4B-00C04F79EFBC}") = "BackBack", "BackBack\BackBack.csproj", "{87DD58CC-C92C-4D0E-9A3C-F351F5DB196E}"
EndProject
Global
	GlobalSection(SolutionConfigurationPlatforms) = preSolution
		Debug|Any CPU = Debug|Any CPU
		Release|Any CPU = Release|Any CPU
	EndGlobalSection
	GlobalSection(ProjectConfigurationPlatforms) = postSolution
		{87DD58CC-C92C-4D0E-9A3C-F351F5DB196E}.Debug|Any CPU.ActiveCfg = Debug|Any CPU
		{87DD58CC-C92C-4D0E-9A3C-F351F5DB196E}.Debug|Any CPU.Build.0 = Debug|Any CPU
		{87DD58CC-C92C-4D0E-9A3C-F351F5DB196E}.Release|Any CPU.ActiveCfg = Release|Any CPU
		{87DD58CC-C92C-4D0E-9A3C-F351F5DB196E}.Release|Any CPU.Build.0 = Release|Any CPU
	EndGlobalSection
	GlobalSection(SolutionProperties) = preSolution
		HideSolutionNode = FALSE
	EndGlobalSection
	GlobalSection(ExtensibilityGlobals) = postSolution
		SolutionGuid = {036F67C7-5C60-4758-A60A-2ADBAEBB05AD}
	EndGlobalSection
EndGlobal
